
Microsoft Visual Studio Solution File, Format Version 12.00
# Visual Studio Version 17
Project("{8BC9CEB8-8B4A-11D0-8D11-00A0C91BC942}") = "ALL_BUILD", "ALL_BUILD.vcxproj", "{524B039B-B2A6-34DC-988A-BCED18F85169}"
	ProjectSection(ProjectDependencies) = postProject
		{48D88658-3871-3752-B43C-428131474CD4} = {48D88658-3871-3752-B43C-428131474CD4}
		{84D1EB02-9C05-3570-AE7D-482C91B58050} = {84D1EB02-9C05-3570-AE7D-482C91B58050}
		{5FD70635-AA2C-3E93-BC48-24648615AF58} = {5FD70635-AA2C-3E93-BC48-24648615AF58}
		{CCC5321C-5E5F-3309-B458-403CB783A50A} = {CCC5321C-5E5F-3309-B458-403CB783A50A}
		{BE17F72C-ADFE-3230-BCD5-9FB0477C9A29} = {BE17F72C-ADFE-3230-BCD5-9FB0477C9A29}
		{256F28DE-0A5C-31ED-B2F8-FA73FCDE6EB1} = {256F28DE-0A5C-31ED-B2F8-FA73FCDE6EB1}
		{61D9BA65-2F67-31BF-8A37-2CD185D710DA} = {61D9BA65-2F67-31BF-8A37-2CD185D710DA}
	EndProjectSection
EndProject
Project("{8BC9CEB8-8B4A-11D0-8D11-00A0C91BC942}") = "INSTALL", "INSTALL.vcxproj", "{B681A496-9A4E-3195-B7C5-5C2DC1872295}"
	ProjectSection(ProjectDependencies) = postProject
		{524B039B-B2A6-34DC-988A-BCED18F85169} = {524B039B-B2A6-34DC-988A-BCED18F85169}
		{48D88658-3871-3752-B43C-428131474CD4} = {48D88658-3871-3752-B43C-428131474CD4}
	EndProjectSection
EndProject
Project("{8BC9CEB8-8B4A-11D0-8D11-00A0C91BC942}") = "ZERO_CHECK", "ZERO_CHECK.vcxproj", "{48D88658-3871-3752-B43C-428131474CD4}"
	ProjectSection(ProjectDependencies) = postProject
	EndProjectSection
EndProject
Project("{8BC9CEB8-8B4A-11D0-8D11-00A0C91BC942}") = "app_links_plugin", "plugins\app_links\app_links_plugin.vcxproj", "{84D1EB02-9C05-3570-AE7D-482C91B58050}"
	ProjectSection(ProjectDependencies) = postProject
		{48D88658-3871-3752-B43C-428131474CD4} = {48D88658-3871-3752-B43C-428131474CD4}
		{031D950A-50FE-39A8-95A1-4ED18C66D59C} = {031D950A-50FE-39A8-95A1-4ED18C66D59C}
		{BE17F72C-ADFE-3230-BCD5-9FB0477C9A29} = {BE17F72C-ADFE-3230-BCD5-9FB0477C9A29}
	EndProjectSection
EndProject
Project("{8BC9CEB8-8B4A-11D0-8D11-00A0C91BC942}") = "file_selector_windows_plugin", "plugins\file_selector_windows\file_selector_windows_plugin.vcxproj", "{5FD70635-AA2C-3E93-BC48-24648615AF58}"
	ProjectSection(ProjectDependencies) = postProject
		{48D88658-3871-3752-B43C-428131474CD4} = {48D88658-3871-3752-B43C-428131474CD4}
		{031D950A-50FE-39A8-95A1-4ED18C66D59C} = {031D950A-50FE-39A8-95A1-4ED18C66D59C}
		{BE17F72C-ADFE-3230-BCD5-9FB0477C9A29} = {BE17F72C-ADFE-3230-BCD5-9FB0477C9A29}
	EndProjectSection
EndProject
Project("{8BC9CEB8-8B4A-11D0-8D11-00A0C91BC942}") = "flutter_assemble", "flutter\flutter_assemble.vcxproj", "{031D950A-50FE-39A8-95A1-4ED18C66D59C}"
	ProjectSection(ProjectDependencies) = postProject
		{48D88658-3871-3752-B43C-428131474CD4} = {48D88658-3871-3752-B43C-428131474CD4}
	EndProjectSection
EndProject
Project("{8BC9CEB8-8B4A-11D0-8D11-00A0C91BC942}") = "flutter_wrapper_app", "flutter\flutter_wrapper_app.vcxproj", "{CCC5321C-5E5F-3309-B458-403CB783A50A}"
	ProjectSection(ProjectDependencies) = postProject
		{48D88658-3871-3752-B43C-428131474CD4} = {48D88658-3871-3752-B43C-428131474CD4}
		{031D950A-50FE-39A8-95A1-4ED18C66D59C} = {031D950A-50FE-39A8-95A1-4ED18C66D59C}
	EndProjectSection
EndProject
Project("{8BC9CEB8-8B4A-11D0-8D11-00A0C91BC942}") = "flutter_wrapper_plugin", "flutter\flutter_wrapper_plugin.vcxproj", "{BE17F72C-ADFE-3230-BCD5-9FB0477C9A29}"
	ProjectSection(ProjectDependencies) = postProject
		{48D88658-3871-3752-B43C-428131474CD4} = {48D88658-3871-3752-B43C-428131474CD4}
		{031D950A-50FE-39A8-95A1-4ED18C66D59C} = {031D950A-50FE-39A8-95A1-4ED18C66D59C}
	EndProjectSection
EndProject
Project("{8BC9CEB8-8B4A-11D0-8D11-00A0C91BC942}") = "untitled", "runner\untitled.vcxproj", "{256F28DE-0A5C-31ED-B2F8-FA73FCDE6EB1}"
	ProjectSection(ProjectDependencies) = postProject
		{48D88658-3871-3752-B43C-428131474CD4} = {48D88658-3871-3752-B43C-428131474CD4}
		{84D1EB02-9C05-3570-AE7D-482C91B58050} = {84D1EB02-9C05-3570-AE7D-482C91B58050}
		{5FD70635-AA2C-3E93-BC48-24648615AF58} = {5FD70635-AA2C-3E93-BC48-24648615AF58}
		{031D950A-50FE-39A8-95A1-4ED18C66D59C} = {031D950A-50FE-39A8-95A1-4ED18C66D59C}
		{CCC5321C-5E5F-3309-B458-403CB783A50A} = {CCC5321C-5E5F-3309-B458-403CB783A50A}
		{61D9BA65-2F67-31BF-8A37-2CD185D710DA} = {61D9BA65-2F67-31BF-8A37-2CD185D710DA}
	EndProjectSection
EndProject
Project("{8BC9CEB8-8B4A-11D0-8D11-00A0C91BC942}") = "url_launcher_windows_plugin", "plugins\url_launcher_windows\url_launcher_windows_plugin.vcxproj", "{61D9BA65-2F67-31BF-8A37-2CD185D710DA}"
	ProjectSection(ProjectDependencies) = postProject
		{48D88658-3871-3752-B43C-428131474CD4} = {48D88658-3871-3752-B43C-428131474CD4}
		{031D950A-50FE-39A8-95A1-4ED18C66D59C} = {031D950A-50FE-39A8-95A1-4ED18C66D59C}
		{BE17F72C-ADFE-3230-BCD5-9FB0477C9A29} = {BE17F72C-ADFE-3230-BCD5-9FB0477C9A29}
	EndProjectSection
EndProject
Global
	GlobalSection(SolutionConfigurationPlatforms) = preSolution
		Debug|x64 = Debug|x64
		Profile|x64 = Profile|x64
		Release|x64 = Release|x64
	EndGlobalSection
	GlobalSection(ProjectConfigurationPlatforms) = postSolution
		{524B039B-B2A6-34DC-988A-BCED18F85169}.Debug|x64.ActiveCfg = Debug|x64
		{524B039B-B2A6-34DC-988A-BCED18F85169}.Debug|x64.Build.0 = Debug|x64
		{524B039B-B2A6-34DC-988A-BCED18F85169}.Profile|x64.ActiveCfg = Profile|x64
		{524B039B-B2A6-34DC-988A-BCED18F85169}.Profile|x64.Build.0 = Profile|x64
		{524B039B-B2A6-34DC-988A-BCED18F85169}.Release|x64.ActiveCfg = Release|x64
		{524B039B-B2A6-34DC-988A-BCED18F85169}.Release|x64.Build.0 = Release|x64
		{B681A496-9A4E-3195-B7C5-5C2DC1872295}.Debug|x64.ActiveCfg = Debug|x64
		{B681A496-9A4E-3195-B7C5-5C2DC1872295}.Debug|x64.Build.0 = Debug|x64
		{B681A496-9A4E-3195-B7C5-5C2DC1872295}.Profile|x64.ActiveCfg = Profile|x64
		{B681A496-9A4E-3195-B7C5-5C2DC1872295}.Profile|x64.Build.0 = Profile|x64
		{B681A496-9A4E-3195-B7C5-5C2DC1872295}.Release|x64.ActiveCfg = Release|x64
		{B681A496-9A4E-3195-B7C5-5C2DC1872295}.Release|x64.Build.0 = Release|x64
		{48D88658-3871-3752-B43C-428131474CD4}.Debug|x64.ActiveCfg = Debug|x64
		{48D88658-3871-3752-B43C-428131474CD4}.Debug|x64.Build.0 = Debug|x64
		{48D88658-3871-3752-B43C-428131474CD4}.Profile|x64.ActiveCfg = Profile|x64
		{48D88658-3871-3752-B43C-428131474CD4}.Profile|x64.Build.0 = Profile|x64
		{48D88658-3871-3752-B43C-428131474CD4}.Release|x64.ActiveCfg = Release|x64
		{48D88658-3871-3752-B43C-428131474CD4}.Release|x64.Build.0 = Release|x64
		{84D1EB02-9C05-3570-AE7D-482C91B58050}.Debug|x64.ActiveCfg = Debug|x64
		{84D1EB02-9C05-3570-AE7D-482C91B58050}.Debug|x64.Build.0 = Debug|x64
		{84D1EB02-9C05-3570-AE7D-482C91B58050}.Profile|x64.ActiveCfg = Profile|x64
		{84D1EB02-9C05-3570-AE7D-482C91B58050}.Profile|x64.Build.0 = Profile|x64
		{84D1EB02-9C05-3570-AE7D-482C91B58050}.Release|x64.ActiveCfg = Release|x64
		{84D1EB02-9C05-3570-AE7D-482C91B58050}.Release|x64.Build.0 = Release|x64
		{5FD70635-AA2C-3E93-BC48-24648615AF58}.Debug|x64.ActiveCfg = Debug|x64
		{5FD70635-AA2C-3E93-BC48-24648615AF58}.Debug|x64.Build.0 = Debug|x64
		{5FD70635-AA2C-3E93-BC48-24648615AF58}.Profile|x64.ActiveCfg = Profile|x64
		{5FD70635-AA2C-3E93-BC48-24648615AF58}.Profile|x64.Build.0 = Profile|x64
		{5FD70635-AA2C-3E93-BC48-24648615AF58}.Release|x64.ActiveCfg = Release|x64
		{5FD70635-AA2C-3E93-BC48-24648615AF58}.Release|x64.Build.0 = Release|x64
		{031D950A-50FE-39A8-95A1-4ED18C66D59C}.Debug|x64.ActiveCfg = Debug|x64
		{031D950A-50FE-39A8-95A1-4ED18C66D59C}.Debug|x64.Build.0 = Debug|x64
		{031D950A-50FE-39A8-95A1-4ED18C66D59C}.Profile|x64.ActiveCfg = Profile|x64
		{031D950A-50FE-39A8-95A1-4ED18C66D59C}.Profile|x64.Build.0 = Profile|x64
		{031D950A-50FE-39A8-95A1-4ED18C66D59C}.Release|x64.ActiveCfg = Release|x64
		{031D950A-50FE-39A8-95A1-4ED18C66D59C}.Release|x64.Build.0 = Release|x64
		{CCC5321C-5E5F-3309-B458-403CB783A50A}.Debug|x64.ActiveCfg = Debug|x64
		{CCC5321C-5E5F-3309-B458-403CB783A50A}.Debug|x64.Build.0 = Debug|x64
		{CCC5321C-5E5F-3309-B458-403CB783A50A}.Profile|x64.ActiveCfg = Profile|x64
		{CCC5321C-5E5F-3309-B458-403CB783A50A}.Profile|x64.Build.0 = Profile|x64
		{CCC5321C-5E5F-3309-B458-403CB783A50A}.Release|x64.ActiveCfg = Release|x64
		{CCC5321C-5E5F-3309-B458-403CB783A50A}.Release|x64.Build.0 = Release|x64
		{BE17F72C-ADFE-3230-BCD5-9FB0477C9A29}.Debug|x64.ActiveCfg = Debug|x64
		{BE17F72C-ADFE-3230-BCD5-9FB0477C9A29}.Debug|x64.Build.0 = Debug|x64
		{BE17F72C-ADFE-3230-BCD5-9FB0477C9A29}.Profile|x64.ActiveCfg = Profile|x64
		{BE17F72C-ADFE-3230-BCD5-9FB0477C9A29}.Profile|x64.Build.0 = Profile|x64
		{BE17F72C-ADFE-3230-BCD5-9FB0477C9A29}.Release|x64.ActiveCfg = Release|x64
		{BE17F72C-ADFE-3230-BCD5-9FB0477C9A29}.Release|x64.Build.0 = Release|x64
		{256F28DE-0A5C-31ED-B2F8-FA73FCDE6EB1}.Debug|x64.ActiveCfg = Debug|x64
		{256F28DE-0A5C-31ED-B2F8-FA73FCDE6EB1}.Debug|x64.Build.0 = Debug|x64
		{256F28DE-0A5C-31ED-B2F8-FA73FCDE6EB1}.Profile|x64.ActiveCfg = Profile|x64
		{256F28DE-0A5C-31ED-B2F8-FA73FCDE6EB1}.Profile|x64.Build.0 = Profile|x64
		{256F28DE-0A5C-31ED-B2F8-FA73FCDE6EB1}.Release|x64.ActiveCfg = Release|x64
		{256F28DE-0A5C-31ED-B2F8-FA73FCDE6EB1}.Release|x64.Build.0 = Release|x64
		{61D9BA65-2F67-31BF-8A37-2CD185D710DA}.Debug|x64.ActiveCfg = Debug|x64
		{61D9BA65-2F67-31BF-8A37-2CD185D710DA}.Debug|x64.Build.0 = Debug|x64
		{61D9BA65-2F67-31BF-8A37-2CD185D710DA}.Profile|x64.ActiveCfg = Profile|x64
		{61D9BA65-2F67-31BF-8A37-2CD185D710DA}.Profile|x64.Build.0 = Profile|x64
		{61D9BA65-2F67-31BF-8A37-2CD185D710DA}.Release|x64.ActiveCfg = Release|x64
		{61D9BA65-2F67-31BF-8A37-2CD185D710DA}.Release|x64.Build.0 = Release|x64
	EndGlobalSection
	GlobalSection(ExtensibilityGlobals) = postSolution
		SolutionGuid = {3BF6493F-0D4F-3BE0-841D-27C9A7033819}
	EndGlobalSection
	GlobalSection(ExtensibilityAddIns) = postSolution
	EndGlobalSection
EndGlobal
